
Microsoft Visual Studio Solution File, Format Version 12.00
# Visual Studio Version 16
VisualStudioVersion = 16.0.31205.134
MinimumVisualStudioVersion = 10.0.40219.1
Project("{8BC9CEB8-8B4A-11D0-8D11-00A0C91BC942}") = "Lab8.1.8", "Lab8.1.8\Lab8.1.8.vcxproj", "{64015207-A982-4C77-8021-A0000D540BAD}"
EndProject
Global
	GlobalSection(SolutionConfigurationPlatforms) = preSolution
		Debug|x64 = Debug|x64
		Debug|x86 = Debug|x86
		Release|x64 = Release|x64
		Release|x86 = Release|x86
	EndGlobalSection
	GlobalSection(ProjectConfigurationPlatforms) = postSolution
		{64015207-A982-4C77-8021-A0000D540BAD}.Debug|x64.ActiveCfg = Debug|x64
		{64015207-A982-4C77-8021-A0000D540BAD}.Debug|x64.Build.0 = Debug|x64
		{64015207-A982-4C77-8021-A0000D540BAD}.Debug|x86.ActiveCfg = Debug|Win32
		{64015207-A982-4C77-8021-A0000D540BAD}.Debug|x86.Build.0 = Debug|Win32
		{64015207-A982-4C77-8021-A0000D540BAD}.Release|x64.ActiveCfg = Release|x64
		{64015207-A982-4C77-8021-A0000D540BAD}.Release|x64.Build.0 = Release|x64
		{64015207-A982-4C77-8021-A0000D540BAD}.Release|x86.ActiveCfg = Release|Win32
		{64015207-A982-4C77-8021-A0000D540BAD}.Release|x86.Build.0 = Release|Win32
	EndGlobalSection
	GlobalSection(SolutionProperties) = preSolution
		HideSolutionNode = FALSE
	EndGlobalSection
	GlobalSection(ExtensibilityGlobals) = postSolution
		SolutionGuid = {D5A55E03-6F2B-4CAA-AAF8-9644EE52EBFB}
	EndGlobalSection
EndGlobal
